
Microsoft Visual Studio Solution File, Format Version 12.00
# Visual Studio 2012
Project("{FAE04EC0-301F-11D3-BF4B-00C04F79EFBC}") = "IntroductinToCSharp", "IntroductinToCSharp\IntroductinToCSharp.csproj", "{B9F188F1-F082-4BE2-A5AE-9B6C25AE6CEF}"
EndProject
Project("{FAE04EC0-301F-11D3-BF4B-00C04F79EFBC}") = "ProjectA.TeamA", "ProjectA.TeamA\ProjectA.TeamA.csproj", "{355808CA-831F-443B-BB58-8F4B086EF2A1}"
EndProject
Project("{FAE04EC0-301F-11D3-BF4B-00C04F79EFBC}") = "ProjectA.TeamB", "ProjectA.TeamB\ProjectA.TeamB.csproj", "{0EA05651-A3B5-478F-9356-0F7633ECDD65}"
EndProject
Global
	GlobalSection(SolutionConfigurationPlatforms) = preSolution
		Debug|Any CPU = Debug|Any CPU
		Release|Any CPU = Release|Any CPU
	EndGlobalSection
	GlobalSection(ProjectConfigurationPlatforms) = postSolution
		{B9F188F1-F082-4BE2-A5AE-9B6C25AE6CEF}.Debug|Any CPU.ActiveCfg = Debug|Any CPU
		{B9F188F1-F082-4BE2-A5AE-9B6C25AE6CEF}.Debug|Any CPU.Build.0 = Debug|Any CPU
		{B9F188F1-F082-4BE2-A5AE-9B6C25AE6CEF}.Release|Any CPU.ActiveCfg = Release|Any CPU
		{B9F188F1-F082-4BE2-A5AE-9B6C25AE6CEF}.Release|Any CPU.Build.0 = Release|Any CPU
		{355808CA-831F-443B-BB58-8F4B086EF2A1}.Debug|Any CPU.ActiveCfg = Debug|Any CPU
		{355808CA-831F-443B-BB58-8F4B086EF2A1}.Debug|Any CPU.Build.0 = Debug|Any CPU
		{355808CA-831F-443B-BB58-8F4B086EF2A1}.Release|Any CPU.ActiveCfg = Release|Any CPU
		{355808CA-831F-443B-BB58-8F4B086EF2A1}.Release|Any CPU.Build.0 = Release|Any CPU
		{0EA05651-A3B5-478F-9356-0F7633ECDD65}.Debug|Any CPU.ActiveCfg = Debug|Any CPU
		{0EA05651-A3B5-478F-9356-0F7633ECDD65}.Debug|Any CPU.Build.0 = Debug|Any CPU
		{0EA05651-A3B5-478F-9356-0F7633ECDD65}.Release|Any CPU.ActiveCfg = Release|Any CPU
		{0EA05651-A3B5-478F-9356-0F7633ECDD65}.Release|Any CPU.Build.0 = Release|Any CPU
	EndGlobalSection
	GlobalSection(SolutionProperties) = preSolution
		HideSolutionNode = FALSE
	EndGlobalSection
EndGlobal
